
Microsoft Visual Studio Solution File, Format Version 12.00
# Visual Studio Version 17
VisualStudioVersion = 17.7.34018.315
MinimumVisualStudioVersion = 10.0.40219.1
Project("{FAE04EC0-301F-11D3-BF4B-00C04F79EFBC}") = "TodoApp.API", "TodoApp.API\TodoApp.API.csproj", "{945C25CA-6716-4E93-BC91-EED52A9EFD56}"
EndProject
Global
	GlobalSection(SolutionConfigurationPlatforms) = preSolution
		Debug|Any CPU = Debug|Any CPU
		Release|Any CPU = Release|Any CPU
	EndGlobalSection
	GlobalSection(ProjectConfigurationPlatforms) = postSolution
		{945C25CA-6716-4E93-BC91-EED52A9EFD56}.Debug|Any CPU.ActiveCfg = Debug|Any CPU
		{945C25CA-6716-4E93-BC91-EED52A9EFD56}.Debug|Any CPU.Build.0 = Debug|Any CPU
		{945C25CA-6716-4E93-BC91-EED52A9EFD56}.Release|Any CPU.ActiveCfg = Release|Any CPU
		{945C25CA-6716-4E93-BC91-EED52A9EFD56}.Release|Any CPU.Build.0 = Release|Any CPU
	EndGlobalSection
	GlobalSection(SolutionProperties) = preSolution
		HideSolutionNode = FALSE
	EndGlobalSection
	GlobalSection(ExtensibilityGlobals) = postSolution
		SolutionGuid = {FE124E62-68E1-4627-BBA0-E73B1D6D2FDE}
	EndGlobalSection
EndGlobal
